// !$*UTF8*$!
{
	archiveVersion = 1;
	classes = {
	};
	objectVersion = 50;
	objects = {

/* Begin PBXBuildFile section */
		AE4F00C72516F686007B0838 /* AppDelegate.swift in Sources */ = {isa = PBXBuildFile; fileRef = AE4F00C62516F686007B0838 /* AppDelegate.swift */; };
		AE4F00C92516F686007B0838 /* SceneDelegate.swift in Sources */ = {isa = PBXBuildFile; fileRef = AE4F00C82516F686007B0838 /* SceneDelegate.swift */; };
		AE4F00CE2516F686007B0838 /* Main.storyboard in Resources */ = {isa = PBXBuildFile; fileRef = AE4F00CC2516F686007B0838 /* Main.storyboard */; };
		AE4F00D12516F686007B0838 /* InstaPDP.xcdatamodeld in Sources */ = {isa = PBXBuildFile; fileRef = AE4F00CF2516F686007B0838 /* InstaPDP.xcdatamodeld */; };
		AE4F00D32516F688007B0838 /* Assets.xcassets in Resources */ = {isa = PBXBuildFile; fileRef = AE4F00D22516F688007B0838 /* Assets.xcassets */; };
		AE4F00D62516F688007B0838 /* LaunchScreen.storyboard in Resources */ = {isa = PBXBuildFile; fileRef = AE4F00D42516F688007B0838 /* LaunchScreen.storyboard */; };
		AE4F00E02516F6B0007B0838 /* HomeViewController.swift in Sources */ = {isa = PBXBuildFile; fileRef = AE4F00DE2516F6B0007B0838 /* HomeViewController.swift */; };
		AE4F00E12516F6B0007B0838 /* HomeViewController.xib in Resources */ = {isa = PBXBuildFile; fileRef = AE4F00DF2516F6B0007B0838 /* HomeViewController.xib */; };
		AE4F00E42516F6BE007B0838 /* SignInViewController.swift in Sources */ = {isa = PBXBuildFile; fileRef = AE4F00E22516F6BE007B0838 /* SignInViewController.swift */; };
		AE4F00E52516F6BE007B0838 /* SignInViewController.xib in Resources */ = {isa = PBXBuildFile; fileRef = AE4F00E32516F6BE007B0838 /* SignInViewController.xib */; };
		AE4F00E82516F6CC007B0838 /* SignUpViewController.swift in Sources */ = {isa = PBXBuildFile; fileRef = AE4F00E62516F6CC007B0838 /* SignUpViewController.swift */; };
		AE4F00E92516F6CC007B0838 /* SignUpViewController.xib in Resources */ = {isa = PBXBuildFile; fileRef = AE4F00E72516F6CC007B0838 /* SignUpViewController.xib */; };
		AE4F00EC2516FF76007B0838 /* BaseViewController.swift in Sources */ = {isa = PBXBuildFile; fileRef = AE4F00EB2516FF76007B0838 /* BaseViewController.swift */; };
		AE4F00EF25170D89007B0838 /* Post.swift in Sources */ = {isa = PBXBuildFile; fileRef = AE4F00EE25170D89007B0838 /* Post.swift */; };
		AE4F00F325170E1A007B0838 /* PostTableViewCell.swift in Sources */ = {isa = PBXBuildFile; fileRef = AE4F00F125170E1A007B0838 /* PostTableViewCell.swift */; };
		AE4F00F425170E1A007B0838 /* PostTableViewCell.xib in Resources */ = {isa = PBXBuildFile; fileRef = AE4F00F225170E1A007B0838 /* PostTableViewCell.xib */; };
/* End PBXBuildFile section */

/* Begin PBXFileReference section */
		AE4F00C32516F686007B0838 /* InstaPDP.app */ = {isa = PBXFileReference; explicitFileType = wrapper.application; includeInIndex = 0; path = InstaPDP.app; sourceTree = BUILT_PRODUCTS_DIR; };
		AE4F00C62516F686007B0838 /* AppDelegate.swift */ = {isa = PBXFileReference; lastKnownFileType = sourcecode.swift; path = AppDelegate.swift; sourceTree = "<group>"; };
		AE4F00C82516F686007B0838 /* SceneDelegate.swift */ = {isa = PBXFileReference; lastKnownFileType = sourcecode.swift; path = SceneDelegate.swift; sourceTree = "<group>"; };
		AE4F00CD2516F686007B0838 /* Base */ = {isa = PBXFileReference; lastKnownFileType = file.storyboard; name = Base; path = Base.lproj/Main.storyboard; sourceTree = "<group>"; };
		AE4F00D02516F686007B0838 /* InstaPDP.xcdatamodel */ = {isa = PBXFileReference; lastKnownFileType = wrapper.xcdatamodel; path = InstaPDP.xcdatamodel; sourceTree = "<group>"; };
		AE4F00D22516F688007B0838 /* Assets.xcassets */ = {isa = PBXFileReference; lastKnownFileType = folder.assetcatalog; path = Assets.xcassets; sourceTree = "<group>"; };
		AE4F00D52516F688007B0838 /* Base */ = {isa = PBXFileReference; lastKnownFileType = file.storyboard; name = Base; path = Base.lproj/LaunchScreen.storyboard; sourceTree = "<group>"; };
		AE4F00D72516F688007B0838 /* Info.plist */ = {isa = PBXFileReference; lastKnownFileType = text.plist.xml; path = Info.plist; sourceTree = "<group>"; };
		AE4F00DE2516F6B0007B0838 /* HomeViewController.swift */ = {isa = PBXFileReference; lastKnownFileType = sourcecode.swift; path = HomeViewController.swift; sourceTree = "<group>"; };
		AE4F00DF2516F6B0007B0838 /* HomeViewController.xib */ = {isa = PBXFileReference; lastKnownFileType = file.xib; path = HomeViewController.xib; sourceTree = "<group>"; };
		AE4F00E22516F6BE007B0838 /* SignInViewController.swift */ = {isa = PBXFileReference; lastKnownFileType = sourcecode.swift; path = SignInViewController.swift; sourceTree = "<group>"; };
		AE4F00E32516F6BE007B0838 /* SignInViewController.xib */ = {isa = PBXFileReference; lastKnownFileType = file.xib; path = SignInViewController.xib; sourceTree = "<group>"; };
		AE4F00E62516F6CC007B0838 /* SignUpViewController.swift */ = {isa = PBXFileReference; lastKnownFileType = sourcecode.swift; path = SignUpViewController.swift; sourceTree = "<group>"; };
		AE4F00E72516F6CC007B0838 /* SignUpViewController.xib */ = {isa = PBXFileReference; lastKnownFileType = file.xib; path = SignUpViewController.xib; sourceTree = "<group>"; };
		AE4F00EB2516FF76007B0838 /* BaseViewController.swift */ = {isa = PBXFileReference; lastKnownFileType = sourcecode.swift; path = BaseViewController.swift; sourceTree = "<group>"; };
		AE4F00EE25170D89007B0838 /* Post.swift */ = {isa = PBXFileReference; lastKnownFileType = sourcecode.swift; path = Post.swift; sourceTree = "<group>"; };
		AE4F00F125170E1A007B0838 /* PostTableViewCell.swift */ = {isa = PBXFileReference; lastKnownFileType = sourcecode.swift; path = PostTableViewCell.swift; sourceTree = "<group>"; };
		AE4F00F225170E1A007B0838 /* PostTableViewCell.xib */ = {isa = PBXFileReference; lastKnownFileType = file.xib; path = PostTableViewCell.xib; sourceTree = "<group>"; };
/* End PBXFileReference section */

/* Begin PBXFrameworksBuildPhase section */
		AE4F00C02516F686007B0838 /* Frameworks */ = {
			isa = PBXFrameworksBuildPhase;
			buildActionMask = 2147483647;
			files = (
			);
			runOnlyForDeploymentPostprocessing = 0;
		};
/* End PBXFrameworksBuildPhase section */

/* Begin PBXGroup section */
		AE4F00BA2516F686007B0838 = {
			isa = PBXGroup;
			children = (
				AE4F00C52516F686007B0838 /* InstaPDP */,
				AE4F00C42516F686007B0838 /* Products */,
			);
			sourceTree = "<group>";
		};
		AE4F00C42516F686007B0838 /* Products */ = {
			isa = PBXGroup;
			children = (
				AE4F00C32516F686007B0838 /* InstaPDP.app */,
			);
			name = Products;
			sourceTree = "<group>";
		};
		AE4F00C52516F686007B0838 /* InstaPDP */ = {
			isa = PBXGroup;
			children = (
				AE4F00F025170DFB007B0838 /* cell */,
				AE4F00ED25170D66007B0838 /* model */,
				AE4F00DD2516F691007B0838 /* controllers */,
				AE4F00EA2516F6D4007B0838 /* apputils */,
				AE4F00C62516F686007B0838 /* AppDelegate.swift */,
				AE4F00C82516F686007B0838 /* SceneDelegate.swift */,
				AE4F00D72516F688007B0838 /* Info.plist */,
			);
			path = InstaPDP;
			sourceTree = "<group>";
		};
		AE4F00DD2516F691007B0838 /* controllers */ = {
			isa = PBXGroup;
			children = (
				AE4F00EB2516FF76007B0838 /* BaseViewController.swift */,
				AE4F00DE2516F6B0007B0838 /* HomeViewController.swift */,
				AE4F00DF2516F6B0007B0838 /* HomeViewController.xib */,
				AE4F00E22516F6BE007B0838 /* SignInViewController.swift */,
				AE4F00E32516F6BE007B0838 /* SignInViewController.xib */,
				AE4F00E62516F6CC007B0838 /* SignUpViewController.swift */,
				AE4F00E72516F6CC007B0838 /* SignUpViewController.xib */,
			);
			path = controllers;
			sourceTree = "<group>";
		};
		AE4F00EA2516F6D4007B0838 /* apputils */ = {
			isa = PBXGroup;
			children = (
				AE4F00D22516F688007B0838 /* Assets.xcassets */,
				AE4F00D42516F688007B0838 /* LaunchScreen.storyboard */,
				AE4F00CF2516F686007B0838 /* InstaPDP.xcdatamodeld */,
				AE4F00CC2516F686007B0838 /* Main.storyboard */,
			);
			path = apputils;
			sourceTree = "<group>";
		};
		AE4F00ED25170D66007B0838 /* model */ = {
			isa = PBXGroup;
			children = (
				AE4F00EE25170D89007B0838 /* Post.swift */,
			);
			path = model;
			sourceTree = "<group>";
		};
		AE4F00F025170DFB007B0838 /* cell */ = {
			isa = PBXGroup;
			children = (
				AE4F00F125170E1A007B0838 /* PostTableViewCell.swift */,
				AE4F00F225170E1A007B0838 /* PostTableViewCell.xib */,
			);
			path = cell;
			sourceTree = "<group>";
		};
/* End PBXGroup section */

/* Begin PBXNativeTarget section */
		AE4F00C22516F686007B0838 /* InstaPDP */ = {
			isa = PBXNativeTarget;
			buildConfigurationList = AE4F00DA2516F688007B0838 /* Build configuration list for PBXNativeTarget "InstaPDP" */;
			buildPhases = (
				AE4F00BF2516F686007B0838 /* Sources */,
				AE4F00C02516F686007B0838 /* Frameworks */,
				AE4F00C12516F686007B0838 /* Resources */,
			);
			buildRules = (
			);
			dependencies = (
			);
			name = InstaPDP;
			productName = InstaPDP;
			productReference = AE4F00C32516F686007B0838 /* InstaPDP.app */;
			productType = "com.apple.product-type.application";
		};
/* End PBXNativeTarget section */

/* Begin PBXProject section */
		AE4F00BB2516F686007B0838 /* Project object */ = {
			isa = PBXProject;
			attributes = {
				LastSwiftUpdateCheck = 1170;
				LastUpgradeCheck = 1170;
				ORGANIZATIONNAME = MySoft;
				TargetAttributes = {
					AE4F00C22516F686007B0838 = {
						CreatedOnToolsVersion = 11.7;
					};
				};
			};
			buildConfigurationList = AE4F00BE2516F686007B0838 /* Build configuration list for PBXProject "InstaPDP" */;
			compatibilityVersion = "Xcode 9.3";
			developmentRegion = en;
			hasScannedForEncodings = 0;
			knownRegions = (
				en,
				Base,
			);
			mainGroup = AE4F00BA2516F686007B0838;
			productRefGroup = AE4F00C42516F686007B0838 /* Products */;
			projectDirPath = "";
			projectRoot = "";
			targets = (
				AE4F00C22516F686007B0838 /* InstaPDP */,
			);
		};
/* End PBXProject section */

/* Begin PBXResourcesBuildPhase section */
		AE4F00C12516F686007B0838 /* Resources */ = {
			isa = PBXResourcesBuildPhase;
			buildActionMask = 2147483647;
			files = (
				AE4F00E52516F6BE007B0838 /* SignInViewController.xib in Resources */,
				AE4F00D62516F688007B0838 /* LaunchScreen.storyboard in Resources */,
				AE4F00D32516F688007B0838 /* Assets.xcassets in Resources */,
				AE4F00CE2516F686007B0838 /* Main.storyboard in Resources */,
				AE4F00F425170E1A007B0838 /* PostTableViewCell.xib in Resources */,
				AE4F00E92516F6CC007B0838 /* SignUpViewController.xib in Resources */,
				AE4F00E12516F6B0007B0838 /* HomeViewController.xib in Resources */,
			);
			runOnlyForDeploymentPostprocessing = 0;
		};
/* End PBXResourcesBuildPhase section */

/* Begin PBXSourcesBuildPhase section */
		AE4F00BF2516F686007B0838 /* Sources */ = {
			isa = PBXSourcesBuildPhase;
			buildActionMask = 2147483647;
			files = (
				AE4F00E02516F6B0007B0838 /* HomeViewController.swift in Sources */,
				AE4F00E82516F6CC007B0838 /* SignUpViewController.swift in Sources */,
				AE4F00D12516F686007B0838 /* InstaPDP.xcdatamodeld in Sources */,
				AE4F00EF25170D89007B0838 /* Post.swift in Sources */,
				AE4F00E42516F6BE007B0838 /* SignInViewController.swift in Sources */,
				AE4F00C72516F686007B0838 /* AppDelegate.swift in Sources */,
				AE4F00EC2516FF76007B0838 /* BaseViewController.swift in Sources */,
				AE4F00C92516F686007B0838 /* SceneDelegate.swift in Sources */,
				AE4F00F325170E1A007B0838 /* PostTableViewCell.swift in Sources */,
			);
			runOnlyForDeploymentPostprocessing = 0;
		};
/* End PBXSourcesBuildPhase section */

/* Begin PBXVariantGroup section */
		AE4F00CC2516F686007B0838 /* Main.storyboard */ = {
			isa = PBXVariantGroup;
			children = (
				AE4F00CD2516F686007B0838 /* Base */,
			);
			name = Main.storyboard;
			sourceTree = "<group>";
		};
		AE4F00D42516F688007B0838 /* LaunchScreen.storyboard */ = {
			isa = PBXVariantGroup;
			children = (
				AE4F00D52516F688007B0838 /* Base */,
			);
			name = LaunchScreen.storyboard;
			sourceTree = "<group>";
		};
/* End PBXVariantGroup section */

/* Begin XCBuildConfiguration section */
		AE4F00D82516F688007B0838 /* Debug */ = {
			isa = XCBuildConfiguration;
			buildSettings = {
				ALWAYS_SEARCH_USER_PATHS = NO;
				CLANG_ANALYZER_NONNULL = YES;
				CLANG_ANALYZER_NUMBER_OBJECT_CONVERSION = YES_AGGRESSIVE;
				CLANG_CXX_LANGUAGE_STANDARD = "gnu++14";
				CLANG_CXX_LIBRARY = "libc++";
				CLANG_ENABLE_MODULES = YES;
				CLANG_ENABLE_OBJC_ARC = YES;
				CLANG_ENABLE_OBJC_WEAK = YES;
				CLANG_WARN_BLOCK_CAPTURE_AUTORELEASING = YES;
				CLANG_WARN_BOOL_CONVERSION = YES;
				CLANG_WARN_COMMA = YES;
				CLANG_WARN_CONSTANT_CONVERSION = YES;
				CLANG_WARN_DEPRECATED_OBJC_IMPLEMENTATIONS = YES;
				CLANG_WARN_DIRECT_OBJC_ISA_USAGE = YES_ERROR;
				CLANG_WARN_DOCUMENTATION_COMMENTS = YES;
				CLANG_WARN_EMPTY_BODY = YES;
				CLANG_WARN_ENUM_CONVERSION = YES;
				CLANG_WARN_INFINITE_RECURSION = YES;
				CLANG_WARN_INT_CONVERSION = YES;
				CLANG_WARN_NON_LITERAL_NULL_CONVERSION = YES;
				CLANG_WARN_OBJC_IMPLICIT_RETAIN_SELF = YES;
				CLANG_WARN_OBJC_LITERAL_CONVERSION = YES;
				CLANG_WARN_OBJC_ROOT_CLASS = YES_ERROR;
				CLANG_WARN_RANGE_LOOP_ANALYSIS = YES;
				CLANG_WARN_STRICT_PROTOTYPES = YES;
				CLANG_WARN_SUSPICIOUS_MOVE = YES;
				CLANG_WARN_UNGUARDED_AVAILABILITY = YES_AGGRESSIVE;
				CLANG_WARN_UNREACHABLE_CODE = YES;
				CLANG_WARN__DUPLICATE_METHOD_MATCH = YES;
				COPY_PHASE_STRIP = NO;
				DEBUG_INFORMATION_FORMAT = dwarf;
				ENABLE_STRICT_OBJC_MSGSEND = YES;
				ENABLE_TESTABILITY = YES;
				GCC_C_LANGUAGE_STANDARD = gnu11;
				GCC_DYNAMIC_NO_PIC = NO;
				GCC_NO_COMMON_BLOCKS = YES;
				GCC_OPTIMIZATION_LEVEL = 0;
				GCC_PREPROCESSOR_DEFINITIONS = (
					"DEBUG=1",
					"$(inherited)",
				);
				GCC_WARN_64_TO_32_BIT_CONVERSION = YES;
				GCC_WARN_ABOUT_RETURN_TYPE = YES_ERROR;
				GCC_WARN_UNDECLARED_SELECTOR = YES;
				GCC_WARN_UNINITIALIZED_AUTOS = YES_AGGRESSIVE;
				GCC_WARN_UNUSED_FUNCTION = YES;
				GCC_WARN_UNUSED_VARIABLE = YES;
				IPHONEOS_DEPLOYMENT_TARGET = 13.7;
				MTL_ENABLE_DEBUG_INFO = INCLUDE_SOURCE;
				MTL_FAST_MATH = YES;
				ONLY_ACTIVE_ARCH = YES;
				SDKROOT = iphoneos;
				SWIFT_ACTIVE_COMPILATION_CONDITIONS = DEBUG;
				SWIFT_OPTIMIZATION_LEVEL = "-Onone";
			};
			name = Debug;
		};
		AE4F00D92516F688007B0838 /* Release */ = {
			isa = XCBuildConfiguration;
			buildSettings = {
				ALWAYS_SEARCH_USER_PATHS = NO;
				CLANG_ANALYZER_NONNULL = YES;
				CLANG_ANALYZER_NUMBER_OBJECT_CONVERSION = YES_AGGRESSIVE;
				CLANG_CXX_LANGUAGE_STANDARD = "gnu++14";
				CLANG_CXX_LIBRARY = "libc++";
				CLANG_ENABLE_MODULES = YES;
				CLANG_ENABLE_OBJC_ARC = YES;
				CLANG_ENABLE_OBJC_WEAK = YES;
				CLANG_WARN_BLOCK_CAPTURE_AUTORELEASING = YES;
				CLANG_WARN_BOOL_CONVERSION = YES;
				CLANG_WARN_COMMA = YES;
				CLANG_WARN_CONSTANT_CONVERSION = YES;
				CLANG_WARN_DEPRECATED_OBJC_IMPLEMENTATIONS = YES;
				CLANG_WARN_DIRECT_OBJC_ISA_USAGE = YES_ERROR;
				CLANG_WARN_DOCUMENTATION_COMMENTS = YES;
				CLANG_WARN_EMPTY_BODY = YES;
				CLANG_WARN_ENUM_CONVERSION = YES;
				CLANG_WARN_INFINITE_RECURSION = YES;
				CLANG_WARN_INT_CONVERSION = YES;
				CLANG_WARN_NON_LITERAL_NULL_CONVERSION = YES;
				CLANG_WARN_OBJC_IMPLICIT_RETAIN_SELF = YES;
				CLANG_WARN_OBJC_LITERAL_CONVERSION = YES;
				CLANG_WARN_OBJC_ROOT_CLASS = YES_ERROR;
				CLANG_WARN_RANGE_LOOP_ANALYSIS = YES;
				CLANG_WARN_STRICT_PROTOTYPES = YES;
				CLANG_WARN_SUSPICIOUS_MOVE = YES;
				CLANG_WARN_UNGUARDED_AVAILABILITY = YES_AGGRESSIVE;
				CLANG_WARN_UNREACHABLE_CODE = YES;
				CLANG_WARN__DUPLICATE_METHOD_MATCH = YES;
				COPY_PHASE_STRIP = NO;
				DEBUG_INFORMATION_FORMAT = "dwarf-with-dsym";
				ENABLE_NS_ASSERTIONS = NO;
				ENABLE_STRICT_OBJC_MSGSEND = YES;
				GCC_C_LANGUAGE_STANDARD = gnu11;
				GCC_NO_COMMON_BLOCKS = YES;
				GCC_WARN_64_TO_32_BIT_CONVERSION = YES;
				GCC_WARN_ABOUT_RETURN_TYPE = YES_ERROR;
				GCC_WARN_UNDECLARED_SELECTOR = YES;
				GCC_WARN_UNINITIALIZED_AUTOS = YES_AGGRESSIVE;
				GCC_WARN_UNUSED_FUNCTION = YES;
				GCC_WARN_UNUSED_VARIABLE = YES;
				IPHONEOS_DEPLOYMENT_TARGET = 13.7;
				MTL_ENABLE_DEBUG_INFO = NO;
				MTL_FAST_MATH = YES;
				SDKROOT = iphoneos;
				SWIFT_COMPILATION_MODE = wholemodule;
				SWIFT_OPTIMIZATION_LEVEL = "-O";
				VALIDATE_PRODUCT = YES;
			};
			name = Release;
		};
		AE4F00DB2516F688007B0838 /* Debug */ = {
			isa = XCBuildConfiguration;
			buildSettings = {
				ASSETCATALOG_COMPILER_APPICON_NAME = AppIcon;
				CODE_SIGN_STYLE = Automatic;
				INFOPLIST_FILE = InstaPDP/Info.plist;
				LD_RUNPATH_SEARCH_PATHS = (
					"$(inherited)",
					"@executable_path/Frameworks",
				);
				PRODUCT_BUNDLE_IDENTIFIER = com.mysoft.InstaPDP;
				PRODUCT_NAME = "$(TARGET_NAME)";
				SWIFT_VERSION = 5.0;
				TARGETED_DEVICE_FAMILY = "1,2";
			};
			name = Debug;
		};
		AE4F00DC2516F688007B0838 /* Release */ = {
			isa = XCBuildConfiguration;
			buildSettings = {
				ASSETCATALOG_COMPILER_APPICON_NAME = AppIcon;
				CODE_SIGN_STYLE = Automatic;
				INFOPLIST_FILE = InstaPDP/Info.plist;
				LD_RUNPATH_SEARCH_PATHS = (
					"$(inherited)",
					"@executable_path/Frameworks",
				);
				PRODUCT_BUNDLE_IDENTIFIER = com.mysoft.InstaPDP;
				PRODUCT_NAME = "$(TARGET_NAME)";
				SWIFT_VERSION = 5.0;
				TARGETED_DEVICE_FAMILY = "1,2";
			};
			name = Release;
		};
/* End XCBuildConfiguration section */

/* Begin XCConfigurationList section */
		AE4F00BE2516F686007B0838 /* Build configuration list for PBXProject "InstaPDP" */ = {
			isa = XCConfigurationList;
			buildConfigurations = (
				AE4F00D82516F688007B0838 /* Debug */,
				AE4F00D92516F688007B0838 /* Release */,
			);
			defaultConfigurationIsVisible = 0;
			defaultConfigurationName = Release;
		};
		AE4F00DA2516F688007B0838 /* Build configuration list for PBXNativeTarget "InstaPDP" */ = {
			isa = XCConfigurationList;
			buildConfigurations = (
				AE4F00DB2516F688007B0838 /* Debug */,
				AE4F00DC2516F688007B0838 /* Release */,
			);
			defaultConfigurationIsVisible = 0;
			defaultConfigurationName = Release;
		};
/* End XCConfigurationList section */

/* Begin XCVersionGroup section */
		AE4F00CF2516F686007B0838 /* InstaPDP.xcdatamodeld */ = {
			isa = XCVersionGroup;
			children = (
				AE4F00D02516F686007B0838 /* InstaPDP.xcdatamodel */,
			);
			currentVersion = AE4F00D02516F686007B0838 /* InstaPDP.xcdatamodel */;
			path = InstaPDP.xcdatamodeld;
			sourceTree = "<group>";
			versionGroupType = wrapper.xcdatamodel;
		};
/* End XCVersionGroup section */
	};
	rootObject = AE4F00BB2516F686007B0838 /* Project object */;
}
